
Microsoft Visual Studio Solution File, Format Version 12.00
# Visual Studio 15
VisualStudioVersion = 15.0.28010.2048
MinimumVisualStudioVersion = 10.0.40219.1
Project("{FAE04EC0-301F-11D3-BF4B-00C04F79EFBC}") = "EFCore-Sqlite-JoinIssue", "EFCore-Sqlite-JoinIssue\EFCore-Sqlite-JoinIssue.csproj", "{ECD7F5CB-5276-4474-A17E-BB02FC177E95}"
EndProject
Global
	GlobalSection(SolutionConfigurationPlatforms) = preSolution
		Debug|Any CPU = Debug|Any CPU
		Release|Any CPU = Release|Any CPU
	EndGlobalSection
	GlobalSection(ProjectConfigurationPlatforms) = postSolution
		{ECD7F5CB-5276-4474-A17E-BB02FC177E95}.Debug|Any CPU.ActiveCfg = Debug|Any CPU
		{ECD7F5CB-5276-4474-A17E-BB02FC177E95}.Debug|Any CPU.Build.0 = Debug|Any CPU
		{ECD7F5CB-5276-4474-A17E-BB02FC177E95}.Release|Any CPU.ActiveCfg = Release|Any CPU
		{ECD7F5CB-5276-4474-A17E-BB02FC177E95}.Release|Any CPU.Build.0 = Release|Any CPU
	EndGlobalSection
	GlobalSection(SolutionProperties) = preSolution
		HideSolutionNode = FALSE
	EndGlobalSection
	GlobalSection(ExtensibilityGlobals) = postSolution
		SolutionGuid = {BC09FD20-63D4-437A-9B66-42D545FB1489}
	EndGlobalSection
EndGlobal
